PODS:
  - camera_avfoundation (0.0.1):
    - Flutter
  - Flutter (1.0.0)
  - flutter_angle (0.4.2):
    - Flutter
    - FlutterAngle (~> 0.0.8)
    - FlutterMacOS
  - flutter_fjs (0.1.4):
    - Flutter
  - FlutterAngle (0.0.8)
  - integration_test (0.0.1):
    - Flutter
  - sqflite_darwin (0.0.4):
    - Flutter
    - FlutterMacOS
  - webview_flutter_wkwebview (0.0.1):
    - Flutter
    - FlutterMacOS

DEPENDENCIES:
  - camera_avfoundation (from `.symlinks/plugins/camera_avfoundation/ios`)
  - Flutter (from `Flutter`)
  - flutter_angle (from `.symlinks/plugins/flutter_angle/darwin`)
  - flutter_fjs (from `.symlinks/plugins/flutter_fjs/ios`)
  - integration_test (from `.symlinks/plugins/integration_test/ios`)
  - sqflite_darwin (from `.symlinks/plugins/sqflite_darwin/darwin`)
  - webview_flutter_wkwebview (from `.symlinks/plugins/webview_flutter_wkwebview/darwin`)

SPEC REPOS:
  trunk:
    - FlutterAngle

EXTERNAL SOURCES:
  camera_avfoundation:
    :path: ".symlinks/plugins/camera_avfoundation/ios"
  Flutter:
    :path: Flutter
  flutter_angle:
    :path: ".symlinks/plugins/flutter_angle/darwin"
  flutter_fjs:
    :path: ".symlinks/plugins/flutter_fjs/ios"
  integration_test:
    :path: ".symlinks/plugins/integration_test/ios"
  sqflite_darwin:
    :path: ".symlinks/plugins/sqflite_darwin/darwin"
  webview_flutter_wkwebview:
    :path: ".symlinks/plugins/webview_flutter_wkwebview/darwin"

SPEC CHECKSUMS:
  camera_avfoundation: 281867ff09f1da66f031a184ecfbc6f2e625c9f5
  Flutter: cabc95a1d2626b1b06e7179b784ebcf0c0cde467
  flutter_angle: 0bb21eccd8b59beb4ece6ebea9ce1eae2da49d2c
  flutter_fjs: e4ad6ec966b7be4af7a1df57245975753403891a
  FlutterAngle: c810891af800750361b1d0e7cc944f2338d5ae18
  integration_test: 252f60fa39af5e17c3aa9899d35d908a0721b573
  sqflite_darwin: 5a7236e3b501866c1c9befc6771dfd73ffb8702d
  webview_flutter_wkwebview: 29eb20d43355b48fe7d07113835b9128f84e3af4

PODFILE CHECKSUM: 4f1c12611da7338d21589c0b2ecd6bd20b109694

COCOAPODS: 1.16.2
