PODS:
  - flutter_angle (0.4.2):
    - Flutter
    - FlutterAngle (~> 0.0.8)
    - FlutterMacOS
  - flutter_fjs (0.1.4):
    - FlutterMacOS
  - FlutterAngle (0.0.8)
  - FlutterMacOS (1.0.0)
  - sqflite_darwin (0.0.4):
    - Flutter
    - FlutterMacOS
  - webview_flutter_wkwebview (0.0.1):
    - Flutter
    - FlutterMacOS

DEPENDENCIES:
  - flutter_angle (from `Flutter/ephemeral/.symlinks/plugins/flutter_angle/darwin`)
  - flutter_fjs (from `Flutter/ephemeral/.symlinks/plugins/flutter_fjs/macos`)
  - FlutterMacOS (from `Flutter/ephemeral`)
  - sqflite_darwin (from `Flutter/ephemeral/.symlinks/plugins/sqflite_darwin/darwin`)
  - webview_flutter_wkwebview (from `Flutter/ephemeral/.symlinks/plugins/webview_flutter_wkwebview/darwin`)

SPEC REPOS:
  trunk:
    - FlutterAngle

EXTERNAL SOURCES:
  flutter_angle:
    :path: Flutter/ephemeral/.symlinks/plugins/flutter_angle/darwin
  flutter_fjs:
    :path: Flutter/ephemeral/.symlinks/plugins/flutter_fjs/macos
  FlutterMacOS:
    :path: Flutter/ephemeral
  sqflite_darwin:
    :path: Flutter/ephemeral/.symlinks/plugins/sqflite_darwin/darwin
  webview_flutter_wkwebview:
    :path: Flutter/ephemeral/.symlinks/plugins/webview_flutter_wkwebview/darwin

SPEC CHECKSUMS:
  flutter_angle: 0bb21eccd8b59beb4ece6ebea9ce1eae2da49d2c
  flutter_fjs: be12f70aa890023a72200968be19850f0bf2b12c
  FlutterAngle: c810891af800750361b1d0e7cc944f2338d5ae18
  FlutterMacOS: d0db08ddef1a9af05a5ec4b724367152bb0500b1
  sqflite_darwin: 5a7236e3b501866c1c9befc6771dfd73ffb8702d
  webview_flutter_wkwebview: 29eb20d43355b48fe7d07113835b9128f84e3af4

PODFILE CHECKSUM: 9ebaf0ce3d369aaa26a9ea0e159195ed94724cf3

COCOAPODS: 1.16.2
